
Microsoft Visual Studio Solution File, Format Version 12.00
# Visual Studio Version 17
VisualStudioVersion = 17.14.36127.28 d17.14
MinimumVisualStudioVersion = 10.0.40219.1
Project("{FAE04EC0-301F-11D3-BF4B-00C04F79EFBC}") = "BookingServiceAPI", "BookingServiceAPI\BookingServiceAPI.csproj", "{02A08B97-C17C-410E-95D7-E10C0F18D04D}"
EndProject
Project("{FAE04EC0-301F-11D3-BF4B-00C04F79EFBC}") = "RoomServiceAPI", "RoomServiceAPI\RoomServiceAPI.csproj", "{A56163EA-5F1E-4C9E-B3CF-ECB97EA2FD21}"
EndProject
Project("{FAE04EC0-301F-11D3-BF4B-00C04F79EFBC}") = "HotelServiceAPI", "HotelServiceAPI\HotelServiceAPI.csproj", "{BD3B021D-13EC-4BB9-9D72-4143FB3564DB}"
EndProject
Project("{FAE04EC0-301F-11D3-BF4B-00C04F79EFBC}") = "SpecialRequestServiceAPI", "SpecialRequestServiceAPI\SpecialRequestServiceAPI.csproj", "{4601349E-890C-4164-9E49-A9A7FAB394F8}"
EndProject
Global
	GlobalSection(SolutionConfigurationPlatforms) = preSolution
		Debug|Any CPU = Debug|Any CPU
		Release|Any CPU = Release|Any CPU
	EndGlobalSection
	GlobalSection(ProjectConfigurationPlatforms) = postSolution
		{02A08B97-C17C-410E-95D7-E10C0F18D04D}.Debug|Any CPU.ActiveCfg = Debug|Any CPU
		{02A08B97-C17C-410E-95D7-E10C0F18D04D}.Debug|Any CPU.Build.0 = Debug|Any CPU
		{02A08B97-C17C-410E-95D7-E10C0F18D04D}.Release|Any CPU.ActiveCfg = Release|Any CPU
		{02A08B97-C17C-410E-95D7-E10C0F18D04D}.Release|Any CPU.Build.0 = Release|Any CPU
		{A56163EA-5F1E-4C9E-B3CF-ECB97EA2FD21}.Debug|Any CPU.ActiveCfg = Debug|Any CPU
		{A56163EA-5F1E-4C9E-B3CF-ECB97EA2FD21}.Debug|Any CPU.Build.0 = Debug|Any CPU
		{A56163EA-5F1E-4C9E-B3CF-ECB97EA2FD21}.Release|Any CPU.ActiveCfg = Release|Any CPU
		{A56163EA-5F1E-4C9E-B3CF-ECB97EA2FD21}.Release|Any CPU.Build.0 = Release|Any CPU
		{BD3B021D-13EC-4BB9-9D72-4143FB3564DB}.Debug|Any CPU.ActiveCfg = Debug|Any CPU
		{BD3B021D-13EC-4BB9-9D72-4143FB3564DB}.Debug|Any CPU.Build.0 = Debug|Any CPU
		{BD3B021D-13EC-4BB9-9D72-4143FB3564DB}.Release|Any CPU.ActiveCfg = Release|Any CPU
		{BD3B021D-13EC-4BB9-9D72-4143FB3564DB}.Release|Any CPU.Build.0 = Release|Any CPU
		{4601349E-890C-4164-9E49-A9A7FAB394F8}.Debug|Any CPU.ActiveCfg = Debug|Any CPU
		{4601349E-890C-4164-9E49-A9A7FAB394F8}.Debug|Any CPU.Build.0 = Debug|Any CPU
		{4601349E-890C-4164-9E49-A9A7FAB394F8}.Release|Any CPU.ActiveCfg = Release|Any CPU
		{4601349E-890C-4164-9E49-A9A7FAB394F8}.Release|Any CPU.Build.0 = Release|Any CPU
	EndGlobalSection
	GlobalSection(SolutionProperties) = preSolution
		HideSolutionNode = FALSE
	EndGlobalSection
	GlobalSection(ExtensibilityGlobals) = postSolution
		SolutionGuid = {E9B429FD-94A9-4BE2-9236-04BE02836494}
	EndGlobalSection
EndGlobal
